
Microsoft Visual Studio Solution File, Format Version 12.00
# Visual Studio Version 16
VisualStudioVersion = 16.0.29411.108
MinimumVisualStudioVersion = 10.0.40219.1
Project("{9A19103F-16F7-4668-BE54-9A1E7A4F7556}") = "CarBookingService", "CarBookingService\CarBookingService.csproj", "{ADAE387F-E1EF-45CB-89B3-7A6429273DC4}"
EndProject
Project("{FAE04EC0-301F-11D3-BF4B-00C04F79EFBC}") = "CarBookingGUI", "CarBookingGUI\CarBookingGUI.csproj", "{57BB9EAD-B72F-4348-B973-EC928C6A217F}"
EndProject
Global
	GlobalSection(SolutionConfigurationPlatforms) = preSolution
		Debug|Any CPU = Debug|Any CPU
		Release|Any CPU = Release|Any CPU
	EndGlobalSection
	GlobalSection(ProjectConfigurationPlatforms) = postSolution
		{ADAE387F-E1EF-45CB-89B3-7A6429273DC4}.Debug|Any CPU.ActiveCfg = Debug|Any CPU
		{ADAE387F-E1EF-45CB-89B3-7A6429273DC4}.Debug|Any CPU.Build.0 = Debug|Any CPU
		{ADAE387F-E1EF-45CB-89B3-7A6429273DC4}.Release|Any CPU.ActiveCfg = Release|Any CPU
		{ADAE387F-E1EF-45CB-89B3-7A6429273DC4}.Release|Any CPU.Build.0 = Release|Any CPU
		{57BB9EAD-B72F-4348-B973-EC928C6A217F}.Debug|Any CPU.ActiveCfg = Debug|Any CPU
		{57BB9EAD-B72F-4348-B973-EC928C6A217F}.Debug|Any CPU.Build.0 = Debug|Any CPU
		{57BB9EAD-B72F-4348-B973-EC928C6A217F}.Release|Any CPU.ActiveCfg = Release|Any CPU
		{57BB9EAD-B72F-4348-B973-EC928C6A217F}.Release|Any CPU.Build.0 = Release|Any CPU
	EndGlobalSection
	GlobalSection(SolutionProperties) = preSolution
		HideSolutionNode = FALSE
	EndGlobalSection
	GlobalSection(ExtensibilityGlobals) = postSolution
		SolutionGuid = {B5B67A1B-4348-43D3-85CF-CB81B08BCFC0}
	EndGlobalSection
EndGlobal
